
Microsoft Visual Studio Solution File, Format Version 12.00
# Visual Studio Version 17
VisualStudioVersion = 17.13.35931.197 d17.13
MinimumVisualStudioVersion = 10.0.40219.1
Project("{FAE04EC0-301F-11D3-BF4B-00C04F79EFBC}") = "EasyConvert2", "EasyConvert2.csproj", "{E3EB6916-BACD-49B4-8CEA-0943E428462F}"
EndProject
Global
	GlobalSection(SolutionConfigurationPlatforms) = preSolution
		Debug|Any CPU = Debug|Any CPU
		Release|Any CPU = Release|Any CPU
	EndGlobalSection
	GlobalSection(ProjectConfigurationPlatforms) = postSolution
		{E3EB6916-BACD-49B4-8CEA-0943E428462F}.Debug|Any CPU.ActiveCfg = Debug|Any CPU
		{E3EB6916-BACD-49B4-8CEA-0943E428462F}.Debug|Any CPU.Build.0 = Debug|Any CPU
		{E3EB6916-BACD-49B4-8CEA-0943E428462F}.Release|Any CPU.ActiveCfg = Release|Any CPU
		{E3EB6916-BACD-49B4-8CEA-0943E428462F}.Release|Any CPU.Build.0 = Release|Any CPU
	EndGlobalSection
	GlobalSection(SolutionProperties) = preSolution
		HideSolutionNode = FALSE
	EndGlobalSection
	GlobalSection(ExtensibilityGlobals) = postSolution
		SolutionGuid = {8C1D1DE6-A25B-45BD-A48C-0C018913835C}
	EndGlobalSection
EndGlobal
